
Microsoft Visual Studio Solution File, Format Version 12.00
# Visual Studio Version 17
VisualStudioVersion = 17.8.34330.188
MinimumVisualStudioVersion = 10.0.40219.1
Project("{FAE04EC0-301F-11D3-BF4B-00C04F79EFBC}") = "BSFiberConcrete", "BSFiberConcrete.csproj", "{89B7316E-1E2D-4ED3-AD11-CF26B08E4340}"
EndProject
Global
	GlobalSection(SolutionConfigurationPlatforms) = preSolution
		Debug|Any CPU = Debug|Any CPU
		Release|Any CPU = Release|Any CPU
	EndGlobalSection
	GlobalSection(ProjectConfigurationPlatforms) = postSolution
		{89B7316E-1E2D-4ED3-AD11-CF26B08E4340}.Debug|Any CPU.ActiveCfg = Debug|Any CPU
		{89B7316E-1E2D-4ED3-AD11-CF26B08E4340}.Debug|Any CPU.Build.0 = Debug|Any CPU
		{89B7316E-1E2D-4ED3-AD11-CF26B08E4340}.Release|Any CPU.ActiveCfg = Release|Any CPU
		{89B7316E-1E2D-4ED3-AD11-CF26B08E4340}.Release|Any CPU.Build.0 = Release|Any CPU
	EndGlobalSection
	GlobalSection(SolutionProperties) = preSolution
		HideSolutionNode = FALSE
	EndGlobalSection
	GlobalSection(ExtensibilityGlobals) = postSolution
		SolutionGuid = {2CDAC8CC-8FCC-467D-8C49-A5D06FD1B709}
	EndGlobalSection
EndGlobal
